{
    "_meta": {
        "hash": {
            "sha256": "58e86aebb8717b9fe7e4a1d7e1725cc57f870ecfb256ce8a6bc42e9c82d83a3a"
        },
        "pipfile-spec": 6,
        "requires": {
            "python_version": "3.7"
        },
        "sources": [
            {
                "name": "pypi",
                "url": "https://pypi.org/simple",
                "verify_ssl": true
            }
        ]
    },
    "default": {
        "pypng": {
            "hashes": [
                "sha256:3145d042947fa8121e6bd5a7e59149871bf8c13675c42371e12977499d7f3926",
                "sha256:4c10480718e489714f6fb35254e748ba73d6f1c0c2a35cc88d069a8de4ed58a4"
            ],
            "index": "pypi",
            "version": "==0.0.19"
        },
        "pyqrcode": {
            "hashes": [
                "sha256:1b2812775fa6ff5c527977c4cd2ccb07051ca7d0bc0aecf937a43864abe5eff6",
                "sha256:fdbf7634733e56b72e27f9bce46e4550b75a3a2c420414035cae9d9d26b234d5"
            ],
            "index": "pypi",
            "version": "==1.2.1"
        }
    },
    "develop": {}
}
